
Microsoft Visual Studio Solution File, Format Version 12.00
# Visual Studio Version 16
VisualStudioVersion = 16.0.30804.86
MinimumVisualStudioVersion = 10.0.40219.1
Project("{9A19103F-16F7-4668-BE54-9A1E7A4F7556}") = "ozowapps", "ozowapps.csproj", "{8018673C-ED19-4375-B450-FE9D58E66E32}"
EndProject
Project("{9A19103F-16F7-4668-BE54-9A1E7A4F7556}") = "Sorting", "..\Sorting\Sorting.csproj", "{324E5048-0A1C-4314-BA92-6DF5FF09257C}"
EndProject
Project("{9A19103F-16F7-4668-BE54-9A1E7A4F7556}") = "SortStringTest", "..\SortStringTest\SortStringTest.csproj", "{0F5A2D51-2A10-46A3-A658-41D012F26F7B}"
EndProject
Project("{9A19103F-16F7-4668-BE54-9A1E7A4F7556}") = "gameoflife", "..\gameoflife\gameoflife.csproj", "{D36C224B-04F7-40B2-984E-F640F8E05EF8}"
EndProject
Project("{9A19103F-16F7-4668-BE54-9A1E7A4F7556}") = "GameOfLifeTest", "..\GameOfLifeTest\GameOfLifeTest.csproj", "{1B0C210E-5818-4162-B50E-0B1A68F2A7DE}"
EndProject
Project("{9A19103F-16F7-4668-BE54-9A1E7A4F7556}") = "Logging", "..\Logging\Logging.csproj", "{CC92BFED-4031-4F1A-808D-E320DA387087}"
EndProject
Global
	GlobalSection(SolutionConfigurationPlatforms) = preSolution
		Debug|Any CPU = Debug|Any CPU
		Release|Any CPU = Release|Any CPU
	EndGlobalSection
	GlobalSection(ProjectConfigurationPlatforms) = postSolution
		{8018673C-ED19-4375-B450-FE9D58E66E32}.Debug|Any CPU.ActiveCfg = Debug|Any CPU
		{8018673C-ED19-4375-B450-FE9D58E66E32}.Debug|Any CPU.Build.0 = Debug|Any CPU
		{8018673C-ED19-4375-B450-FE9D58E66E32}.Release|Any CPU.ActiveCfg = Release|Any CPU
		{8018673C-ED19-4375-B450-FE9D58E66E32}.Release|Any CPU.Build.0 = Release|Any CPU
		{324E5048-0A1C-4314-BA92-6DF5FF09257C}.Debug|Any CPU.ActiveCfg = Debug|Any CPU
		{324E5048-0A1C-4314-BA92-6DF5FF09257C}.Debug|Any CPU.Build.0 = Debug|Any CPU
		{324E5048-0A1C-4314-BA92-6DF5FF09257C}.Release|Any CPU.ActiveCfg = Release|Any CPU
		{324E5048-0A1C-4314-BA92-6DF5FF09257C}.Release|Any CPU.Build.0 = Release|Any CPU
		{0F5A2D51-2A10-46A3-A658-41D012F26F7B}.Debug|Any CPU.ActiveCfg = Debug|Any CPU
		{0F5A2D51-2A10-46A3-A658-41D012F26F7B}.Debug|Any CPU.Build.0 = Debug|Any CPU
		{0F5A2D51-2A10-46A3-A658-41D012F26F7B}.Release|Any CPU.ActiveCfg = Release|Any CPU
		{0F5A2D51-2A10-46A3-A658-41D012F26F7B}.Release|Any CPU.Build.0 = Release|Any CPU
		{D36C224B-04F7-40B2-984E-F640F8E05EF8}.Debug|Any CPU.ActiveCfg = Debug|Any CPU
		{D36C224B-04F7-40B2-984E-F640F8E05EF8}.Debug|Any CPU.Build.0 = Debug|Any CPU
		{D36C224B-04F7-40B2-984E-F640F8E05EF8}.Release|Any CPU.ActiveCfg = Release|Any CPU
		{D36C224B-04F7-40B2-984E-F640F8E05EF8}.Release|Any CPU.Build.0 = Release|Any CPU
		{1B0C210E-5818-4162-B50E-0B1A68F2A7DE}.Debug|Any CPU.ActiveCfg = Debug|Any CPU
		{1B0C210E-5818-4162-B50E-0B1A68F2A7DE}.Debug|Any CPU.Build.0 = Debug|Any CPU
		{1B0C210E-5818-4162-B50E-0B1A68F2A7DE}.Release|Any CPU.ActiveCfg = Release|Any CPU
		{1B0C210E-5818-4162-B50E-0B1A68F2A7DE}.Release|Any CPU.Build.0 = Release|Any CPU
		{CC92BFED-4031-4F1A-808D-E320DA387087}.Debug|Any CPU.ActiveCfg = Debug|Any CPU
		{CC92BFED-4031-4F1A-808D-E320DA387087}.Debug|Any CPU.Build.0 = Debug|Any CPU
		{CC92BFED-4031-4F1A-808D-E320DA387087}.Release|Any CPU.ActiveCfg = Release|Any CPU
		{CC92BFED-4031-4F1A-808D-E320DA387087}.Release|Any CPU.Build.0 = Release|Any CPU
	EndGlobalSection
	GlobalSection(SolutionProperties) = preSolution
		HideSolutionNode = FALSE
	EndGlobalSection
	GlobalSection(ExtensibilityGlobals) = postSolution
		SolutionGuid = {02A627D9-F646-4D8B-84DE-3AA77916F508}
	EndGlobalSection
EndGlobal
